
Microsoft Visual Studio Solution File, Format Version 12.00
# Visual Studio Version 17
VisualStudioVersion = 17.7.34024.191
MinimumVisualStudioVersion = 10.0.40219.1
Project("{FAE04EC0-301F-11D3-BF4B-00C04F79EFBC}") = "AutoHub.Server", "Server\AutoHub.Server.csproj", "{BA1AFD59-B70C-4D02-A11E-E16497E2E1D1}"
EndProject
Project("{FAE04EC0-301F-11D3-BF4B-00C04F79EFBC}") = "AutoHub.Client", "Client\AutoHub.Client.csproj", "{90F5D27E-C291-4E09-9928-32B655C0D253}"
EndProject
Project("{FAE04EC0-301F-11D3-BF4B-00C04F79EFBC}") = "AutoHub.Shared", "Shared\AutoHub.Shared.csproj", "{D31EFFA1-4159-40F3-9A31-2545FF4776FD}"
EndProject
Global
	GlobalSection(SolutionConfigurationPlatforms) = preSolution
		Debug|Any CPU = Debug|Any CPU
		Release|Any CPU = Release|Any CPU
	EndGlobalSection
	GlobalSection(ProjectConfigurationPlatforms) = postSolution
		{BA1AFD59-B70C-4D02-A11E-E16497E2E1D1}.Debug|Any CPU.ActiveCfg = Debug|Any CPU
		{BA1AFD59-B70C-4D02-A11E-E16497E2E1D1}.Debug|Any CPU.Build.0 = Debug|Any CPU
		{BA1AFD59-B70C-4D02-A11E-E16497E2E1D1}.Release|Any CPU.ActiveCfg = Release|Any CPU
		{BA1AFD59-B70C-4D02-A11E-E16497E2E1D1}.Release|Any CPU.Build.0 = Release|Any CPU
		{90F5D27E-C291-4E09-9928-32B655C0D253}.Debug|Any CPU.ActiveCfg = Debug|Any CPU
		{90F5D27E-C291-4E09-9928-32B655C0D253}.Debug|Any CPU.Build.0 = Debug|Any CPU
		{90F5D27E-C291-4E09-9928-32B655C0D253}.Release|Any CPU.ActiveCfg = Release|Any CPU
		{90F5D27E-C291-4E09-9928-32B655C0D253}.Release|Any CPU.Build.0 = Release|Any CPU
		{D31EFFA1-4159-40F3-9A31-2545FF4776FD}.Debug|Any CPU.ActiveCfg = Debug|Any CPU
		{D31EFFA1-4159-40F3-9A31-2545FF4776FD}.Debug|Any CPU.Build.0 = Debug|Any CPU
		{D31EFFA1-4159-40F3-9A31-2545FF4776FD}.Release|Any CPU.ActiveCfg = Release|Any CPU
		{D31EFFA1-4159-40F3-9A31-2545FF4776FD}.Release|Any CPU.Build.0 = Release|Any CPU
	EndGlobalSection
	GlobalSection(SolutionProperties) = preSolution
		HideSolutionNode = FALSE
	EndGlobalSection
	GlobalSection(ExtensibilityGlobals) = postSolution
		SolutionGuid = {0BC55278-8150-4FD5-9E36-FF6009780E9A}
	EndGlobalSection
EndGlobal
